
Microsoft Visual Studio Solution File, Format Version 12.00
# Visual Studio 15
VisualStudioVersion = 15.0.28307.329
MinimumVisualStudioVersion = 10.0.40219.1
Project("{8BC9CEB8-8B4A-11D0-8D11-00A0C91BC942}") = "Vivero", "Vivero\Vivero.vcxproj", "{B582DC55-E1FF-4FEC-8B84-54CAA8D4F584}"
EndProject
Global
	GlobalSection(SolutionConfigurationPlatforms) = preSolution
		Debug|x64 = Debug|x64
		Debug|x86 = Debug|x86
		Release|x64 = Release|x64
		Release|x86 = Release|x86
	EndGlobalSection
	GlobalSection(ProjectConfigurationPlatforms) = postSolution
		{B582DC55-E1FF-4FEC-8B84-54CAA8D4F584}.Debug|x64.ActiveCfg = Debug|x64
		{B582DC55-E1FF-4FEC-8B84-54CAA8D4F584}.Debug|x64.Build.0 = Debug|x64
		{B582DC55-E1FF-4FEC-8B84-54CAA8D4F584}.Debug|x86.ActiveCfg = Debug|Win32
		{B582DC55-E1FF-4FEC-8B84-54CAA8D4F584}.Debug|x86.Build.0 = Debug|Win32
		{B582DC55-E1FF-4FEC-8B84-54CAA8D4F584}.Release|x64.ActiveCfg = Release|x64
		{B582DC55-E1FF-4FEC-8B84-54CAA8D4F584}.Release|x64.Build.0 = Release|x64
		{B582DC55-E1FF-4FEC-8B84-54CAA8D4F584}.Release|x86.ActiveCfg = Release|Win32
		{B582DC55-E1FF-4FEC-8B84-54CAA8D4F584}.Release|x86.Build.0 = Release|Win32
	EndGlobalSection
	GlobalSection(SolutionProperties) = preSolution
		HideSolutionNode = FALSE
	EndGlobalSection
	GlobalSection(ExtensibilityGlobals) = postSolution
		SolutionGuid = {766697BB-070A-4824-B241-1C17148C9137}
	EndGlobalSection
EndGlobal
